
Microsoft Visual Studio Solution File, Format Version 12.00
# Visual Studio Version 17
VisualStudioVersion = 17.9.34622.214
MinimumVisualStudioVersion = 10.0.40219.1
Project("{FAE04EC0-301F-11D3-BF4B-00C04F79EFBC}") = "LAB05", "LAB05.csproj", "{77414AC9-610E-48CE-8C80-C11C6841D79A}"
EndProject
Global
	GlobalSection(SolutionConfigurationPlatforms) = preSolution
		Debug|Any CPU = Debug|Any CPU
		Release|Any CPU = Release|Any CPU
	EndGlobalSection
	GlobalSection(ProjectConfigurationPlatforms) = postSolution
		{77414AC9-610E-48CE-8C80-C11C6841D79A}.Debug|Any CPU.ActiveCfg = Debug|Any CPU
		{77414AC9-610E-48CE-8C80-C11C6841D79A}.Debug|Any CPU.Build.0 = Debug|Any CPU
		{77414AC9-610E-48CE-8C80-C11C6841D79A}.Release|Any CPU.ActiveCfg = Release|Any CPU
		{77414AC9-610E-48CE-8C80-C11C6841D79A}.Release|Any CPU.Build.0 = Release|Any CPU
	EndGlobalSection
	GlobalSection(SolutionProperties) = preSolution
		HideSolutionNode = FALSE
	EndGlobalSection
	GlobalSection(ExtensibilityGlobals) = postSolution
		SolutionGuid = {9277FF25-AD9A-4262-B7CC-825CAF9E1279}
	EndGlobalSection
EndGlobal
