
Microsoft Visual Studio Solution File, Format Version 12.00
# Visual Studio Version 17
VisualStudioVersion = 17.10.34928.147
MinimumVisualStudioVersion = 10.0.40219.1
Project("{FAE04EC0-301F-11D3-BF4B-00C04F79EFBC}") = "lab05", "lab05.csproj", "{CE43B4E8-5DC8-4223-B34B-D18667DF43F7}"
EndProject
Global
	GlobalSection(SolutionConfigurationPlatforms) = preSolution
		Debug|Any CPU = Debug|Any CPU
		Release|Any CPU = Release|Any CPU
	EndGlobalSection
	GlobalSection(ProjectConfigurationPlatforms) = postSolution
		{CE43B4E8-5DC8-4223-B34B-D18667DF43F7}.Debug|Any CPU.ActiveCfg = Debug|Any CPU
		{CE43B4E8-5DC8-4223-B34B-D18667DF43F7}.Debug|Any CPU.Build.0 = Debug|Any CPU
		{CE43B4E8-5DC8-4223-B34B-D18667DF43F7}.Release|Any CPU.ActiveCfg = Release|Any CPU
		{CE43B4E8-5DC8-4223-B34B-D18667DF43F7}.Release|Any CPU.Build.0 = Release|Any CPU
	EndGlobalSection
	GlobalSection(SolutionProperties) = preSolution
		HideSolutionNode = FALSE
	EndGlobalSection
	GlobalSection(ExtensibilityGlobals) = postSolution
		SolutionGuid = {A33A6815-5DA1-4621-9F2C-84352A11730A}
	EndGlobalSection
EndGlobal
